// !$*UTF8*$!
{
	archiveVersion = 1;
	classes = {
	};
	objectVersion = 46;
	objects = {

/* Begin PBXBuildFile section */
		8919E4F61DC9DC3B006ECB18 /* main.m in Sources */ = {isa = PBXBuildFile; fileRef = 8919E4F51DC9DC3B006ECB18 /* main.m */; };
		8919E4F91DC9DC3B006ECB18 /* AppDelegate.m in Sources */ = {isa = PBXBuildFile; fileRef = 8919E4F81DC9DC3B006ECB18 /* AppDelegate.m */; };
		8919E4FC1DC9DC3B006ECB18 /* ViewController.m in Sources */ = {isa = PBXBuildFile; fileRef = 8919E4FB1DC9DC3B006ECB18 /* ViewController.m */; };
		8919E4FF1DC9DC3B006ECB18 /* Main.storyboard in Resources */ = {isa = PBXBuildFile; fileRef = 8919E4FD1DC9DC3B006ECB18 /* Main.storyboard */; };
		8919E5011DC9DC3B006ECB18 /* Assets.xcassets in Resources */ = {isa = PBXBuildFile; fileRef = 8919E5001DC9DC3B006ECB18 /* Assets.xcassets */; };
		8919E5041DC9DC3B006ECB18 /* LaunchScreen.storyboard in Resources */ = {isa = PBXBuildFile; fileRef = 8919E5021DC9DC3B006ECB18 /* LaunchScreen.storyboard */; };
		8919E5141DC9ECC6006ECB18 /* SystemConfiguration.framework in Frameworks */ = {isa = PBXBuildFile; fileRef = 8919E5131DC9ECC6006ECB18 /* SystemConfiguration.framework */; };
		8919E5161DC9ECD5006ECB18 /* CoreTelephony.framework in Frameworks */ = {isa = PBXBuildFile; fileRef = 8919E5151DC9ECD5006ECB18 /* CoreTelephony.framework */; };
		8919E5181DC9ECDF006ECB18 /* ImageIO.framework in Frameworks */ = {isa = PBXBuildFile; fileRef = 8919E5171DC9ECDF006ECB18 /* ImageIO.framework */; };
		8919E51A1DC9ECE9006ECB18 /* libsqlite3.tbd in Frameworks */ = {isa = PBXBuildFile; fileRef = 8919E5191DC9ECE9006ECB18 /* libsqlite3.tbd */; };
		8919E51C1DC9ECF3006ECB18 /* libz.tbd in Frameworks */ = {isa = PBXBuildFile; fileRef = 8919E51B1DC9ECF3006ECB18 /* libz.tbd */; };
		8919E51E1DC9ED1A006ECB18 /* libc++.tbd in Frameworks */ = {isa = PBXBuildFile; fileRef = 8919E51D1DC9ED1A006ECB18 /* libc++.tbd */; };
		8977CC8C1DCB36C90091BE12 /* ShiDianUM.m in Sources */ = {isa = PBXBuildFile; fileRef = 8977CC8B1DCB36C90091BE12 /* ShiDianUM.m */; };
<<<<<<< Updated upstream
		89879F6D1E0B782B00C553F9 /* ShiDianUM+Login.m in Sources */ = {isa = PBXBuildFile; fileRef = 89879F691E0B782B00C553F9 /* ShiDianUM+Login.m */; };
		89879F6E1E0B782B00C553F9 /* ShiDianUM+Register.m in Sources */ = {isa = PBXBuildFile; fileRef = 89879F6B1E0B782B00C553F9 /* ShiDianUM+Register.m */; };
		89879F711E0B784400C553F9 /* ShiDianUM+Share.m in Sources */ = {isa = PBXBuildFile; fileRef = 89879F701E0B784400C553F9 /* ShiDianUM+Share.m */; };
=======
		8977CC8F1DCB3B7C0091BE12 /* ShiDianUM+Register.m in Sources */ = {isa = PBXBuildFile; fileRef = 8977CC8E1DCB3B7C0091BE12 /* ShiDianUM+Register.m */; };
		8977CC931DCB3FCB0091BE12 /* ShiDianUM+Login.m in Sources */ = {isa = PBXBuildFile; fileRef = 8977CC921DCB3FCB0091BE12 /* ShiDianUM+Login.m */; };
		89A7BBD31DCC507D00C51D9D /* libSocialQQ.a in Frameworks */ = {isa = PBXBuildFile; fileRef = 89A7BBC31DCC507D00C51D9D /* libSocialQQ.a */; };
		89A7BBD41DCC507D00C51D9D /* TencentOpenAPI.framework in Frameworks */ = {isa = PBXBuildFile; fileRef = 89A7BBC41DCC507D00C51D9D /* TencentOpenAPI.framework */; };
		89A7BBD51DCC507D00C51D9D /* TencentOpenApi_IOS_Bundle.bundle in Resources */ = {isa = PBXBuildFile; fileRef = 89A7BBC51DCC507D00C51D9D /* TencentOpenApi_IOS_Bundle.bundle */; };
		89A7BBD61DCC507D00C51D9D /* libSocialWeChat.a in Frameworks */ = {isa = PBXBuildFile; fileRef = 89A7BBC81DCC507D00C51D9D /* libSocialWeChat.a */; };
		89A7BBD71DCC507D00C51D9D /* libWeChatSDK.a in Frameworks */ = {isa = PBXBuildFile; fileRef = 89A7BBC91DCC507D00C51D9D /* libWeChatSDK.a */; };
		89A7BBD81DCC507D00C51D9D /* read_me.txt in Resources */ = {isa = PBXBuildFile; fileRef = 89A7BBCA1DCC507D00C51D9D /* read_me.txt */; };
		89A7BBD91DCC507D00C51D9D /* README.txt in Resources */ = {isa = PBXBuildFile; fileRef = 89A7BBCB1DCC507D00C51D9D /* README.txt */; };
		89A7BBDA1DCC507D00C51D9D /* UMSocialCore.framework in Frameworks */ = {isa = PBXBuildFile; fileRef = 89A7BBD11DCC507D00C51D9D /* UMSocialCore.framework */; };
		89A7BBDB1DCC507D00C51D9D /* UMSocialNetwork.framework in Frameworks */ = {isa = PBXBuildFile; fileRef = 89A7BBD21DCC507D00C51D9D /* UMSocialNetwork.framework */; };
>>>>>>> Stashed changes
/* End PBXBuildFile section */

/* Begin PBXFileReference section */
		8919E4F11DC9DC3B006ECB18 /* ShiDianUM.app */ = {isa = PBXFileReference; explicitFileType = wrapper.application; includeInIndex = 0; path = ShiDianUM.app; sourceTree = BUILT_PRODUCTS_DIR; };
		8919E4F51DC9DC3B006ECB18 /* main.m */ = {isa = PBXFileReference; lastKnownFileType = sourcecode.c.objc; path = main.m; sourceTree = "<group>"; };
		8919E4F71DC9DC3B006ECB18 /* AppDelegate.h */ = {isa = PBXFileReference; lastKnownFileType = sourcecode.c.h; path = AppDelegate.h; sourceTree = "<group>"; };
		8919E4F81DC9DC3B006ECB18 /* AppDelegate.m */ = {isa = PBXFileReference; lastKnownFileType = sourcecode.c.objc; path = AppDelegate.m; sourceTree = "<group>"; };
		8919E4FA1DC9DC3B006ECB18 /* ViewController.h */ = {isa = PBXFileReference; lastKnownFileType = sourcecode.c.h; path = ViewController.h; sourceTree = "<group>"; };
		8919E4FB1DC9DC3B006ECB18 /* ViewController.m */ = {isa = PBXFileReference; lastKnownFileType = sourcecode.c.objc; path = ViewController.m; sourceTree = "<group>"; };
		8919E4FE1DC9DC3B006ECB18 /* Base */ = {isa = PBXFileReference; lastKnownFileType = file.storyboard; name = Base; path = Base.lproj/Main.storyboard; sourceTree = "<group>"; };
		8919E5001DC9DC3B006ECB18 /* Assets.xcassets */ = {isa = PBXFileReference; lastKnownFileType = folder.assetcatalog; path = Assets.xcassets; sourceTree = "<group>"; };
		8919E5031DC9DC3B006ECB18 /* Base */ = {isa = PBXFileReference; lastKnownFileType = file.storyboard; name = Base; path = Base.lproj/LaunchScreen.storyboard; sourceTree = "<group>"; };
		8919E5051DC9DC3B006ECB18 /* Info.plist */ = {isa = PBXFileReference; lastKnownFileType = text.plist.xml; path = Info.plist; sourceTree = "<group>"; };
		8919E5131DC9ECC6006ECB18 /* SystemConfiguration.framework */ = {isa = PBXFileReference; lastKnownFileType = wrapper.framework; name = SystemConfiguration.framework; path = System/Library/Frameworks/SystemConfiguration.framework; sourceTree = SDKROOT; };
		8919E5151DC9ECD5006ECB18 /* CoreTelephony.framework */ = {isa = PBXFileReference; lastKnownFileType = wrapper.framework; name = CoreTelephony.framework; path = System/Library/Frameworks/CoreTelephony.framework; sourceTree = SDKROOT; };
		8919E5171DC9ECDF006ECB18 /* ImageIO.framework */ = {isa = PBXFileReference; lastKnownFileType = wrapper.framework; name = ImageIO.framework; path = System/Library/Frameworks/ImageIO.framework; sourceTree = SDKROOT; };
		8919E5191DC9ECE9006ECB18 /* libsqlite3.tbd */ = {isa = PBXFileReference; lastKnownFileType = "sourcecode.text-based-dylib-definition"; name = libsqlite3.tbd; path = usr/lib/libsqlite3.tbd; sourceTree = SDKROOT; };
		8919E51B1DC9ECF3006ECB18 /* libz.tbd */ = {isa = PBXFileReference; lastKnownFileType = "sourcecode.text-based-dylib-definition"; name = libz.tbd; path = usr/lib/libz.tbd; sourceTree = SDKROOT; };
		8919E51D1DC9ED1A006ECB18 /* libc++.tbd */ = {isa = PBXFileReference; lastKnownFileType = "sourcecode.text-based-dylib-definition"; name = "libc++.tbd"; path = "usr/lib/libc++.tbd"; sourceTree = SDKROOT; };
		8977CC8A1DCB36C90091BE12 /* ShiDianUM.h */ = {isa = PBXFileReference; fileEncoding = 4; lastKnownFileType = sourcecode.c.h; path = ShiDianUM.h; sourceTree = "<group>"; };
		8977CC8B1DCB36C90091BE12 /* ShiDianUM.m */ = {isa = PBXFileReference; fileEncoding = 4; lastKnownFileType = sourcecode.c.objc; path = ShiDianUM.m; sourceTree = "<group>"; };
		8977CC901DCB3C740091BE12 /* ShiDianUMHeader.h */ = {isa = PBXFileReference; lastKnownFileType = sourcecode.c.h; path = ShiDianUMHeader.h; sourceTree = "<group>"; };
<<<<<<< Updated upstream
		89879F681E0B782B00C553F9 /* ShiDianUM+Login.h */ = {isa = PBXFileReference; fileEncoding = 4; lastKnownFileType = sourcecode.c.h; path = "ShiDianUM+Login.h"; sourceTree = "<group>"; };
		89879F691E0B782B00C553F9 /* ShiDianUM+Login.m */ = {isa = PBXFileReference; fileEncoding = 4; lastKnownFileType = sourcecode.c.objc; path = "ShiDianUM+Login.m"; sourceTree = "<group>"; };
		89879F6A1E0B782B00C553F9 /* ShiDianUM+Register.h */ = {isa = PBXFileReference; fileEncoding = 4; lastKnownFileType = sourcecode.c.h; path = "ShiDianUM+Register.h"; sourceTree = "<group>"; };
		89879F6B1E0B782B00C553F9 /* ShiDianUM+Register.m */ = {isa = PBXFileReference; fileEncoding = 4; lastKnownFileType = sourcecode.c.objc; path = "ShiDianUM+Register.m"; sourceTree = "<group>"; };
		89879F6F1E0B784400C553F9 /* ShiDianUM+Share.h */ = {isa = PBXFileReference; fileEncoding = 4; lastKnownFileType = sourcecode.c.h; path = "ShiDianUM+Share.h"; sourceTree = "<group>"; };
		89879F701E0B784400C553F9 /* ShiDianUM+Share.m */ = {isa = PBXFileReference; fileEncoding = 4; lastKnownFileType = sourcecode.c.objc; path = "ShiDianUM+Share.m"; sourceTree = "<group>"; };
=======
		8977CC911DCB3FCB0091BE12 /* ShiDianUM+Login.h */ = {isa = PBXFileReference; fileEncoding = 4; lastKnownFileType = sourcecode.c.h; path = "ShiDianUM+Login.h"; sourceTree = "<group>"; };
		8977CC921DCB3FCB0091BE12 /* ShiDianUM+Login.m */ = {isa = PBXFileReference; fileEncoding = 4; lastKnownFileType = sourcecode.c.objc; path = "ShiDianUM+Login.m"; sourceTree = "<group>"; };
		89A7BBC31DCC507D00C51D9D /* libSocialQQ.a */ = {isa = PBXFileReference; lastKnownFileType = archive.ar; path = libSocialQQ.a; sourceTree = "<group>"; };
		89A7BBC41DCC507D00C51D9D /* TencentOpenAPI.framework */ = {isa = PBXFileReference; lastKnownFileType = wrapper.framework; path = TencentOpenAPI.framework; sourceTree = "<group>"; };
		89A7BBC51DCC507D00C51D9D /* TencentOpenApi_IOS_Bundle.bundle */ = {isa = PBXFileReference; lastKnownFileType = "wrapper.plug-in"; path = TencentOpenApi_IOS_Bundle.bundle; sourceTree = "<group>"; };
		89A7BBC61DCC507D00C51D9D /* UMSocialQQHandler.h */ = {isa = PBXFileReference; fileEncoding = 4; lastKnownFileType = sourcecode.c.h; path = UMSocialQQHandler.h; sourceTree = "<group>"; };
		89A7BBC81DCC507D00C51D9D /* libSocialWeChat.a */ = {isa = PBXFileReference; lastKnownFileType = archive.ar; path = libSocialWeChat.a; sourceTree = "<group>"; };
		89A7BBC91DCC507D00C51D9D /* libWeChatSDK.a */ = {isa = PBXFileReference; lastKnownFileType = archive.ar; path = libWeChatSDK.a; sourceTree = "<group>"; };
		89A7BBCA1DCC507D00C51D9D /* read_me.txt */ = {isa = PBXFileReference; fileEncoding = 4; lastKnownFileType = text; path = read_me.txt; sourceTree = "<group>"; };
		89A7BBCB1DCC507D00C51D9D /* README.txt */ = {isa = PBXFileReference; fileEncoding = 4; lastKnownFileType = text; path = README.txt; sourceTree = "<group>"; };
		89A7BBCC1DCC507D00C51D9D /* UMSocialWechatHandler.h */ = {isa = PBXFileReference; fileEncoding = 4; lastKnownFileType = sourcecode.c.h; path = UMSocialWechatHandler.h; sourceTree = "<group>"; };
		89A7BBCD1DCC507D00C51D9D /* WechatAuthSDK.h */ = {isa = PBXFileReference; fileEncoding = 4; lastKnownFileType = sourcecode.c.h; path = WechatAuthSDK.h; sourceTree = "<group>"; };
		89A7BBCE1DCC507D00C51D9D /* WXApi.h */ = {isa = PBXFileReference; fileEncoding = 4; lastKnownFileType = sourcecode.c.h; path = WXApi.h; sourceTree = "<group>"; };
		89A7BBCF1DCC507D00C51D9D /* WXApiObject.h */ = {isa = PBXFileReference; fileEncoding = 4; lastKnownFileType = sourcecode.c.h; path = WXApiObject.h; sourceTree = "<group>"; };
		89A7BBD11DCC507D00C51D9D /* UMSocialCore.framework */ = {isa = PBXFileReference; lastKnownFileType = wrapper.framework; path = UMSocialCore.framework; sourceTree = "<group>"; };
		89A7BBD21DCC507D00C51D9D /* UMSocialNetwork.framework */ = {isa = PBXFileReference; lastKnownFileType = wrapper.framework; path = UMSocialNetwork.framework; sourceTree = "<group>"; };
>>>>>>> Stashed changes
/* End PBXFileReference section */

/* Begin PBXFrameworksBuildPhase section */
		8919E4EE1DC9DC3B006ECB18 /* Frameworks */ = {
			isa = PBXFrameworksBuildPhase;
			buildActionMask = 2147483647;
			files = (
				8919E51E1DC9ED1A006ECB18 /* libc++.tbd in Frameworks */,
				89A7BBD41DCC507D00C51D9D /* TencentOpenAPI.framework in Frameworks */,
				8919E51C1DC9ECF3006ECB18 /* libz.tbd in Frameworks */,
				8919E51A1DC9ECE9006ECB18 /* libsqlite3.tbd in Frameworks */,
				89A7BBD71DCC507D00C51D9D /* libWeChatSDK.a in Frameworks */,
				8919E5181DC9ECDF006ECB18 /* ImageIO.framework in Frameworks */,
				89A7BBDA1DCC507D00C51D9D /* UMSocialCore.framework in Frameworks */,
				8919E5161DC9ECD5006ECB18 /* CoreTelephony.framework in Frameworks */,
				89A7BBDB1DCC507D00C51D9D /* UMSocialNetwork.framework in Frameworks */,
				89A7BBD31DCC507D00C51D9D /* libSocialQQ.a in Frameworks */,
				89A7BBD61DCC507D00C51D9D /* libSocialWeChat.a in Frameworks */,
				8919E5141DC9ECC6006ECB18 /* SystemConfiguration.framework in Frameworks */,
			);
			runOnlyForDeploymentPostprocessing = 0;
		};
/* End PBXFrameworksBuildPhase section */

/* Begin PBXGroup section */
		8919E4E81DC9DC3B006ECB18 = {
			isa = PBXGroup;
			children = (
				8919E4F31DC9DC3B006ECB18 /* ShiDianUM */,
				8919E4F21DC9DC3B006ECB18 /* Products */,
				8919E5121DC9ECC6006ECB18 /* Frameworks */,
			);
			sourceTree = "<group>";
		};
		8919E4F21DC9DC3B006ECB18 /* Products */ = {
			isa = PBXGroup;
			children = (
				8919E4F11DC9DC3B006ECB18 /* ShiDianUM.app */,
			);
			name = Products;
			sourceTree = "<group>";
		};
		8919E4F31DC9DC3B006ECB18 /* ShiDianUM */ = {
			isa = PBXGroup;
			children = (
				8919E50B1DC9DC74006ECB18 /* ShiDianUM */,
				8919E4F71DC9DC3B006ECB18 /* AppDelegate.h */,
				8919E4F81DC9DC3B006ECB18 /* AppDelegate.m */,
				8919E4FA1DC9DC3B006ECB18 /* ViewController.h */,
				8919E4FB1DC9DC3B006ECB18 /* ViewController.m */,
				8919E4FD1DC9DC3B006ECB18 /* Main.storyboard */,
				8919E5001DC9DC3B006ECB18 /* Assets.xcassets */,
				8919E5021DC9DC3B006ECB18 /* LaunchScreen.storyboard */,
				8919E5051DC9DC3B006ECB18 /* Info.plist */,
				8919E4F41DC9DC3B006ECB18 /* Supporting Files */,
			);
			path = ShiDianUM;
			sourceTree = "<group>";
		};
		8919E4F41DC9DC3B006ECB18 /* Supporting Files */ = {
			isa = PBXGroup;
			children = (
				8919E4F51DC9DC3B006ECB18 /* main.m */,
			);
			name = "Supporting Files";
			sourceTree = "<group>";
		};
		8919E50B1DC9DC74006ECB18 /* ShiDianUM */ = {
			isa = PBXGroup;
			children = (
<<<<<<< Updated upstream
				89879F671E0B782B00C553F9 /* Login */,
				89879F6C1E0B782B00C553F9 /* Share */,
=======
				89A7BBC11DCC507D00C51D9D /* SocialLibraries */,
				89A7BBD01DCC507D00C51D9D /* UMSocialSDK */,
>>>>>>> Stashed changes
				8977CC8A1DCB36C90091BE12 /* ShiDianUM.h */,
				8977CC8B1DCB36C90091BE12 /* ShiDianUM.m */,
				8977CC901DCB3C740091BE12 /* ShiDianUMHeader.h */,
			);
			path = ShiDianUM;
			sourceTree = "<group>";
		};
		8919E5121DC9ECC6006ECB18 /* Frameworks */ = {
			isa = PBXGroup;
			children = (
				8919E51D1DC9ED1A006ECB18 /* libc++.tbd */,
				8919E51B1DC9ECF3006ECB18 /* libz.tbd */,
				8919E5191DC9ECE9006ECB18 /* libsqlite3.tbd */,
				8919E5171DC9ECDF006ECB18 /* ImageIO.framework */,
				8919E5151DC9ECD5006ECB18 /* CoreTelephony.framework */,
				8919E5131DC9ECC6006ECB18 /* SystemConfiguration.framework */,
			);
			name = Frameworks;
			sourceTree = "<group>";
		};
<<<<<<< Updated upstream
		89879F671E0B782B00C553F9 /* Login */ = {
			isa = PBXGroup;
			children = (
				89879F681E0B782B00C553F9 /* ShiDianUM+Login.h */,
				89879F691E0B782B00C553F9 /* ShiDianUM+Login.m */,
				89879F6A1E0B782B00C553F9 /* ShiDianUM+Register.h */,
				89879F6B1E0B782B00C553F9 /* ShiDianUM+Register.m */,
			);
			path = Login;
			sourceTree = "<group>";
		};
		89879F6C1E0B782B00C553F9 /* Share */ = {
			isa = PBXGroup;
			children = (
				89879F6F1E0B784400C553F9 /* ShiDianUM+Share.h */,
				89879F701E0B784400C553F9 /* ShiDianUM+Share.m */,
			);
			path = Share;
=======
		89A7BBC11DCC507D00C51D9D /* SocialLibraries */ = {
			isa = PBXGroup;
			children = (
				89A7BBC21DCC507D00C51D9D /* QQ */,
				89A7BBC71DCC507D00C51D9D /* WeChat */,
			);
			path = SocialLibraries;
			sourceTree = "<group>";
		};
		89A7BBC21DCC507D00C51D9D /* QQ */ = {
			isa = PBXGroup;
			children = (
				89A7BBC31DCC507D00C51D9D /* libSocialQQ.a */,
				89A7BBC41DCC507D00C51D9D /* TencentOpenAPI.framework */,
				89A7BBC51DCC507D00C51D9D /* TencentOpenApi_IOS_Bundle.bundle */,
				89A7BBC61DCC507D00C51D9D /* UMSocialQQHandler.h */,
			);
			path = QQ;
			sourceTree = "<group>";
		};
		89A7BBC71DCC507D00C51D9D /* WeChat */ = {
			isa = PBXGroup;
			children = (
				89A7BBC81DCC507D00C51D9D /* libSocialWeChat.a */,
				89A7BBC91DCC507D00C51D9D /* libWeChatSDK.a */,
				89A7BBCA1DCC507D00C51D9D /* read_me.txt */,
				89A7BBCB1DCC507D00C51D9D /* README.txt */,
				89A7BBCC1DCC507D00C51D9D /* UMSocialWechatHandler.h */,
				89A7BBCD1DCC507D00C51D9D /* WechatAuthSDK.h */,
				89A7BBCE1DCC507D00C51D9D /* WXApi.h */,
				89A7BBCF1DCC507D00C51D9D /* WXApiObject.h */,
			);
			path = WeChat;
			sourceTree = "<group>";
		};
		89A7BBD01DCC507D00C51D9D /* UMSocialSDK */ = {
			isa = PBXGroup;
			children = (
				89A7BBD11DCC507D00C51D9D /* UMSocialCore.framework */,
				89A7BBD21DCC507D00C51D9D /* UMSocialNetwork.framework */,
			);
			path = UMSocialSDK;
>>>>>>> Stashed changes
			sourceTree = "<group>";
		};
/* End PBXGroup section */

/* Begin PBXNativeTarget section */
		8919E4F01DC9DC3B006ECB18 /* ShiDianUM */ = {
			isa = PBXNativeTarget;
			buildConfigurationList = 8919E5081DC9DC3B006ECB18 /* Build configuration list for PBXNativeTarget "ShiDianUM" */;
			buildPhases = (
				8919E4ED1DC9DC3B006ECB18 /* Sources */,
				8919E4EE1DC9DC3B006ECB18 /* Frameworks */,
				8919E4EF1DC9DC3B006ECB18 /* Resources */,
			);
			buildRules = (
			);
			dependencies = (
			);
			name = ShiDianUM;
			productName = ShiDianUM;
			productReference = 8919E4F11DC9DC3B006ECB18 /* ShiDianUM.app */;
			productType = "com.apple.product-type.application";
		};
/* End PBXNativeTarget section */

/* Begin PBXProject section */
		8919E4E91DC9DC3B006ECB18 /* Project object */ = {
			isa = PBXProject;
			attributes = {
				LastUpgradeCheck = 0800;
				ORGANIZATIONNAME = Charlin;
				TargetAttributes = {
					8919E4F01DC9DC3B006ECB18 = {
						CreatedOnToolsVersion = 8.0;
<<<<<<< Updated upstream
						DevelopmentTeam = DAEN6XFZZ6;
=======
						DevelopmentTeam = SVCF84G2SS;
>>>>>>> Stashed changes
						ProvisioningStyle = Automatic;
					};
				};
			};
			buildConfigurationList = 8919E4EC1DC9DC3B006ECB18 /* Build configuration list for PBXProject "ShiDianUM" */;
			compatibilityVersion = "Xcode 3.2";
			developmentRegion = English;
			hasScannedForEncodings = 0;
			knownRegions = (
				en,
				Base,
			);
			mainGroup = 8919E4E81DC9DC3B006ECB18;
			productRefGroup = 8919E4F21DC9DC3B006ECB18 /* Products */;
			projectDirPath = "";
			projectRoot = "";
			targets = (
				8919E4F01DC9DC3B006ECB18 /* ShiDianUM */,
			);
		};
/* End PBXProject section */

/* Begin PBXResourcesBuildPhase section */
		8919E4EF1DC9DC3B006ECB18 /* Resources */ = {
			isa = PBXResourcesBuildPhase;
			buildActionMask = 2147483647;
			files = (
				89A7BBD51DCC507D00C51D9D /* TencentOpenApi_IOS_Bundle.bundle in Resources */,
				8919E5041DC9DC3B006ECB18 /* LaunchScreen.storyboard in Resources */,
				8919E5011DC9DC3B006ECB18 /* Assets.xcassets in Resources */,
				8919E4FF1DC9DC3B006ECB18 /* Main.storyboard in Resources */,
				89A7BBD91DCC507D00C51D9D /* README.txt in Resources */,
				89A7BBD81DCC507D00C51D9D /* read_me.txt in Resources */,
			);
			runOnlyForDeploymentPostprocessing = 0;
		};
/* End PBXResourcesBuildPhase section */

/* Begin PBXSourcesBuildPhase section */
		8919E4ED1DC9DC3B006ECB18 /* Sources */ = {
			isa = PBXSourcesBuildPhase;
			buildActionMask = 2147483647;
			files = (
				8977CC8C1DCB36C90091BE12 /* ShiDianUM.m in Sources */,
				8919E4FC1DC9DC3B006ECB18 /* ViewController.m in Sources */,
				8919E4F91DC9DC3B006ECB18 /* AppDelegate.m in Sources */,
				89879F6E1E0B782B00C553F9 /* ShiDianUM+Register.m in Sources */,
				89879F6D1E0B782B00C553F9 /* ShiDianUM+Login.m in Sources */,
				89879F711E0B784400C553F9 /* ShiDianUM+Share.m in Sources */,
				8919E4F61DC9DC3B006ECB18 /* main.m in Sources */,
			);
			runOnlyForDeploymentPostprocessing = 0;
		};
/* End PBXSourcesBuildPhase section */

/* Begin PBXVariantGroup section */
		8919E4FD1DC9DC3B006ECB18 /* Main.storyboard */ = {
			isa = PBXVariantGroup;
			children = (
				8919E4FE1DC9DC3B006ECB18 /* Base */,
			);
			name = Main.storyboard;
			sourceTree = "<group>";
		};
		8919E5021DC9DC3B006ECB18 /* LaunchScreen.storyboard */ = {
			isa = PBXVariantGroup;
			children = (
				8919E5031DC9DC3B006ECB18 /* Base */,
			);
			name = LaunchScreen.storyboard;
			sourceTree = "<group>";
		};
/* End PBXVariantGroup section */

/* Begin XCBuildConfiguration section */
		8919E5061DC9DC3B006ECB18 /* Debug */ = {
			isa = XCBuildConfiguration;
			buildSettings = {
				ALWAYS_SEARCH_USER_PATHS = NO;
				CLANG_ANALYZER_NONNULL = YES;
				CLANG_CXX_LANGUAGE_STANDARD = "gnu++0x";
				CLANG_CXX_LIBRARY = "libc++";
				CLANG_ENABLE_MODULES = YES;
				CLANG_ENABLE_OBJC_ARC = YES;
				CLANG_WARN_BOOL_CONVERSION = YES;
				CLANG_WARN_CONSTANT_CONVERSION = YES;
				CLANG_WARN_DIRECT_OBJC_ISA_USAGE = YES_ERROR;
				CLANG_WARN_DOCUMENTATION_COMMENTS = YES;
				CLANG_WARN_EMPTY_BODY = YES;
				CLANG_WARN_ENUM_CONVERSION = YES;
				CLANG_WARN_INFINITE_RECURSION = YES;
				CLANG_WARN_INT_CONVERSION = YES;
				CLANG_WARN_OBJC_ROOT_CLASS = YES_ERROR;
				CLANG_WARN_SUSPICIOUS_MOVES = YES;
				CLANG_WARN_UNREACHABLE_CODE = YES;
				CLANG_WARN__DUPLICATE_METHOD_MATCH = YES;
				"CODE_SIGN_IDENTITY[sdk=iphoneos*]" = "iPhone Developer";
				COPY_PHASE_STRIP = NO;
				DEBUG_INFORMATION_FORMAT = dwarf;
				ENABLE_STRICT_OBJC_MSGSEND = YES;
				ENABLE_TESTABILITY = YES;
				GCC_C_LANGUAGE_STANDARD = gnu99;
				GCC_DYNAMIC_NO_PIC = NO;
				GCC_NO_COMMON_BLOCKS = YES;
				GCC_OPTIMIZATION_LEVEL = 0;
				GCC_PREPROCESSOR_DEFINITIONS = (
					"DEBUG=1",
					"$(inherited)",
				);
				GCC_WARN_64_TO_32_BIT_CONVERSION = YES;
				GCC_WARN_ABOUT_RETURN_TYPE = YES_ERROR;
				GCC_WARN_UNDECLARED_SELECTOR = YES;
				GCC_WARN_UNINITIALIZED_AUTOS = YES_AGGRESSIVE;
				GCC_WARN_UNUSED_FUNCTION = YES;
				GCC_WARN_UNUSED_VARIABLE = YES;
				IPHONEOS_DEPLOYMENT_TARGET = 10.0;
				MTL_ENABLE_DEBUG_INFO = YES;
				ONLY_ACTIVE_ARCH = YES;
				SDKROOT = iphoneos;
			};
			name = Debug;
		};
		8919E5071DC9DC3B006ECB18 /* Release */ = {
			isa = XCBuildConfiguration;
			buildSettings = {
				ALWAYS_SEARCH_USER_PATHS = NO;
				CLANG_ANALYZER_NONNULL = YES;
				CLANG_CXX_LANGUAGE_STANDARD = "gnu++0x";
				CLANG_CXX_LIBRARY = "libc++";
				CLANG_ENABLE_MODULES = YES;
				CLANG_ENABLE_OBJC_ARC = YES;
				CLANG_WARN_BOOL_CONVERSION = YES;
				CLANG_WARN_CONSTANT_CONVERSION = YES;
				CLANG_WARN_DIRECT_OBJC_ISA_USAGE = YES_ERROR;
				CLANG_WARN_DOCUMENTATION_COMMENTS = YES;
				CLANG_WARN_EMPTY_BODY = YES;
				CLANG_WARN_ENUM_CONVERSION = YES;
				CLANG_WARN_INFINITE_RECURSION = YES;
				CLANG_WARN_INT_CONVERSION = YES;
				CLANG_WARN_OBJC_ROOT_CLASS = YES_ERROR;
				CLANG_WARN_SUSPICIOUS_MOVES = YES;
				CLANG_WARN_UNREACHABLE_CODE = YES;
				CLANG_WARN__DUPLICATE_METHOD_MATCH = YES;
				"CODE_SIGN_IDENTITY[sdk=iphoneos*]" = "iPhone Developer";
				COPY_PHASE_STRIP = NO;
				DEBUG_INFORMATION_FORMAT = "dwarf-with-dsym";
				ENABLE_NS_ASSERTIONS = NO;
				ENABLE_STRICT_OBJC_MSGSEND = YES;
				GCC_C_LANGUAGE_STANDARD = gnu99;
				GCC_NO_COMMON_BLOCKS = YES;
				GCC_WARN_64_TO_32_BIT_CONVERSION = YES;
				GCC_WARN_ABOUT_RETURN_TYPE = YES_ERROR;
				GCC_WARN_UNDECLARED_SELECTOR = YES;
				GCC_WARN_UNINITIALIZED_AUTOS = YES_AGGRESSIVE;
				GCC_WARN_UNUSED_FUNCTION = YES;
				GCC_WARN_UNUSED_VARIABLE = YES;
				IPHONEOS_DEPLOYMENT_TARGET = 10.0;
				MTL_ENABLE_DEBUG_INFO = NO;
				SDKROOT = iphoneos;
				VALIDATE_PRODUCT = YES;
			};
			name = Release;
		};
		8919E5091DC9DC3B006ECB18 /* Debug */ = {
			isa = XCBuildConfiguration;
			buildSettings = {
				ASSETCATALOG_COMPILER_APPICON_NAME = AppIcon;
<<<<<<< Updated upstream
				DEVELOPMENT_TEAM = DAEN6XFZZ6;
=======
				DEVELOPMENT_TEAM = SVCF84G2SS;
>>>>>>> Stashed changes
				FRAMEWORK_SEARCH_PATHS = (
					"$(inherited)",
					"$(PROJECT_DIR)/ShiDianUM/ShiDianUM/Lib/UMSocialSDK",
					"$(PROJECT_DIR)/ShiDianUM/ShiDianUM/Lib/SocialLibraries/QQ",
					"$(PROJECT_DIR)/ShiDianUM/ShiDianUM/SocialLibraries/QQ",
					"$(PROJECT_DIR)/ShiDianUM/ShiDianUM/UMSocialSDK",
				);
				INFOPLIST_FILE = ShiDianUM/Info.plist;
				IPHONEOS_DEPLOYMENT_TARGET = 8.0;
				LD_RUNPATH_SEARCH_PATHS = "$(inherited) @executable_path/Frameworks";
				LIBRARY_SEARCH_PATHS = (
					"$(inherited)",
					"$(PROJECT_DIR)/ShiDianUM/ShiDianUM/Lib/SocialLibraries/QQ",
					"$(PROJECT_DIR)/ShiDianUM/ShiDianUM/Lib/SocialLibraries/Sina",
					"$(PROJECT_DIR)/ShiDianUM/ShiDianUM/Lib/SocialLibraries/SMS",
					"$(PROJECT_DIR)/ShiDianUM/ShiDianUM/Lib/SocialLibraries/WeChat",
					"$(PROJECT_DIR)/ShiDianUM/ShiDianUM/SocialLibraries/QQ",
<<<<<<< Updated upstream
					"$(PROJECT_DIR)/ShiDianUM/ShiDianUM/SocialLibraries/Sina",
					"$(PROJECT_DIR)/ShiDianUM/ShiDianUM/SocialLibraries/SMS",
=======
>>>>>>> Stashed changes
					"$(PROJECT_DIR)/ShiDianUM/ShiDianUM/SocialLibraries/WeChat",
				);
				OTHER_LDFLAGS = "-ObjC";
				PRODUCT_BUNDLE_IDENTIFIER = fengji;
				PRODUCT_NAME = "$(TARGET_NAME)";
			};
			name = Debug;
		};
		8919E50A1DC9DC3B006ECB18 /* Release */ = {
			isa = XCBuildConfiguration;
			buildSettings = {
				ASSETCATALOG_COMPILER_APPICON_NAME = AppIcon;
<<<<<<< Updated upstream
				DEVELOPMENT_TEAM = DAEN6XFZZ6;
=======
				DEVELOPMENT_TEAM = SVCF84G2SS;
>>>>>>> Stashed changes
				FRAMEWORK_SEARCH_PATHS = (
					"$(inherited)",
					"$(PROJECT_DIR)/ShiDianUM/ShiDianUM/Lib/UMSocialSDK",
					"$(PROJECT_DIR)/ShiDianUM/ShiDianUM/Lib/SocialLibraries/QQ",
					"$(PROJECT_DIR)/ShiDianUM/ShiDianUM/SocialLibraries/QQ",
					"$(PROJECT_DIR)/ShiDianUM/ShiDianUM/UMSocialSDK",
				);
				INFOPLIST_FILE = ShiDianUM/Info.plist;
				IPHONEOS_DEPLOYMENT_TARGET = 8.0;
				LD_RUNPATH_SEARCH_PATHS = "$(inherited) @executable_path/Frameworks";
				LIBRARY_SEARCH_PATHS = (
					"$(inherited)",
					"$(PROJECT_DIR)/ShiDianUM/ShiDianUM/Lib/SocialLibraries/QQ",
					"$(PROJECT_DIR)/ShiDianUM/ShiDianUM/Lib/SocialLibraries/Sina",
					"$(PROJECT_DIR)/ShiDianUM/ShiDianUM/Lib/SocialLibraries/SMS",
					"$(PROJECT_DIR)/ShiDianUM/ShiDianUM/Lib/SocialLibraries/WeChat",
					"$(PROJECT_DIR)/ShiDianUM/ShiDianUM/SocialLibraries/QQ",
<<<<<<< Updated upstream
					"$(PROJECT_DIR)/ShiDianUM/ShiDianUM/SocialLibraries/Sina",
					"$(PROJECT_DIR)/ShiDianUM/ShiDianUM/SocialLibraries/SMS",
=======
>>>>>>> Stashed changes
					"$(PROJECT_DIR)/ShiDianUM/ShiDianUM/SocialLibraries/WeChat",
				);
				OTHER_LDFLAGS = "-ObjC";
				PRODUCT_BUNDLE_IDENTIFIER = fengji;
				PRODUCT_NAME = "$(TARGET_NAME)";
			};
			name = Release;
		};
/* End XCBuildConfiguration section */

/* Begin XCConfigurationList section */
		8919E4EC1DC9DC3B006ECB18 /* Build configuration list for PBXProject "ShiDianUM" */ = {
			isa = XCConfigurationList;
			buildConfigurations = (
				8919E5061DC9DC3B006ECB18 /* Debug */,
				8919E5071DC9DC3B006ECB18 /* Release */,
			);
			defaultConfigurationIsVisible = 0;
			defaultConfigurationName = Release;
		};
		8919E5081DC9DC3B006ECB18 /* Build configuration list for PBXNativeTarget "ShiDianUM" */ = {
			isa = XCConfigurationList;
			buildConfigurations = (
				8919E5091DC9DC3B006ECB18 /* Debug */,
				8919E50A1DC9DC3B006ECB18 /* Release */,
			);
			defaultConfigurationIsVisible = 0;
			defaultConfigurationName = Release;
		};
/* End XCConfigurationList section */
	};
	rootObject = 8919E4E91DC9DC3B006ECB18 /* Project object */;
}
